
Microsoft Visual Studio Solution File, Format Version 12.00
# Visual Studio Version 17
VisualStudioVersion = 17.1.32328.378
MinimumVisualStudioVersion = 10.0.40219.1
Project("{FAE04EC0-301F-11D3-BF4B-00C04F79EFBC}") = "Test", "Test\Test.csproj", "{2B6EEB5E-5087-4D38-85A0-A57C3667BB3A}"
EndProject
Global
	GlobalSection(SolutionConfigurationPlatforms) = preSolution
		Debug|Any CPU = Debug|Any CPU
		Release|Any CPU = Release|Any CPU
	EndGlobalSection
	GlobalSection(ProjectConfigurationPlatforms) = postSolution
		{2B6EEB5E-5087-4D38-85A0-A57C3667BB3A}.Debug|Any CPU.ActiveCfg = Debug|Any CPU
		{2B6EEB5E-5087-4D38-85A0-A57C3667BB3A}.Debug|Any CPU.Build.0 = Debug|Any CPU
		{2B6EEB5E-5087-4D38-85A0-A57C3667BB3A}.Release|Any CPU.ActiveCfg = Release|Any CPU
		{2B6EEB5E-5087-4D38-85A0-A57C3667BB3A}.Release|Any CPU.Build.0 = Release|Any CPU
	EndGlobalSection
	GlobalSection(SolutionProperties) = preSolution
		HideSolutionNode = FALSE
	EndGlobalSection
	GlobalSection(ExtensibilityGlobals) = postSolution
		SolutionGuid = {7A99F583-8603-45C9-ADEB-1693B66961F9}
	EndGlobalSection
EndGlobal
