
Microsoft Visual Studio Solution File, Format Version 12.00
# Visual Studio Version 16
VisualStudioVersion = 16.0.32228.343
MinimumVisualStudioVersion = 10.0.40219.1
Project("{FAE04EC0-301F-11D3-BF4B-00C04F79EFBC}") = "List_Practice", "List_Practice\List_Practice.csproj", "{BE254628-45A3-415A-B705-5619E8746BEE}"
EndProject
Global
	GlobalSection(SolutionConfigurationPlatforms) = preSolution
		Debug|Any CPU = Debug|Any CPU
		Release|Any CPU = Release|Any CPU
	EndGlobalSection
	GlobalSection(ProjectConfigurationPlatforms) = postSolution
		{BE254628-45A3-415A-B705-5619E8746BEE}.Debug|Any CPU.ActiveCfg = Debug|Any CPU
		{BE254628-45A3-415A-B705-5619E8746BEE}.Debug|Any CPU.Build.0 = Debug|Any CPU
		{BE254628-45A3-415A-B705-5619E8746BEE}.Release|Any CPU.ActiveCfg = Release|Any CPU
		{BE254628-45A3-415A-B705-5619E8746BEE}.Release|Any CPU.Build.0 = Release|Any CPU
	EndGlobalSection
	GlobalSection(SolutionProperties) = preSolution
		HideSolutionNode = FALSE
	EndGlobalSection
	GlobalSection(ExtensibilityGlobals) = postSolution
		SolutionGuid = {170396C6-616D-41E8-A1EA-A04A42C56277}
	EndGlobalSection
EndGlobal
