
Microsoft Visual Studio Solution File, Format Version 12.00
# Visual Studio Version 16
VisualStudioVersion = 16.0.32228.343
MinimumVisualStudioVersion = 10.0.40219.1
Project("{FAE04EC0-301F-11D3-BF4B-00C04F79EFBC}") = "Multilevel_Heirarchical_Program", "Multilevel_Heirarchical_Program\Multilevel_Heirarchical_Program.csproj", "{E4841E1D-D243-436B-828F-A3383A9C30E3}"
EndProject
Global
	GlobalSection(SolutionConfigurationPlatforms) = preSolution
		Debug|Any CPU = Debug|Any CPU
		Release|Any CPU = Release|Any CPU
	EndGlobalSection
	GlobalSection(ProjectConfigurationPlatforms) = postSolution
		{E4841E1D-D243-436B-828F-A3383A9C30E3}.Debug|Any CPU.ActiveCfg = Debug|Any CPU
		{E4841E1D-D243-436B-828F-A3383A9C30E3}.Debug|Any CPU.Build.0 = Debug|Any CPU
		{E4841E1D-D243-436B-828F-A3383A9C30E3}.Release|Any CPU.ActiveCfg = Release|Any CPU
		{E4841E1D-D243-436B-828F-A3383A9C30E3}.Release|Any CPU.Build.0 = Release|Any CPU
	EndGlobalSection
	GlobalSection(SolutionProperties) = preSolution
		HideSolutionNode = FALSE
	EndGlobalSection
	GlobalSection(ExtensibilityGlobals) = postSolution
		SolutionGuid = {5FB1F5F5-6280-4702-AB9F-39A2B4F22616}
	EndGlobalSection
EndGlobal
