
Microsoft Visual Studio Solution File, Format Version 12.00
# Visual Studio Version 16
VisualStudioVersion = 16.0.32228.343
MinimumVisualStudioVersion = 10.0.40219.1
Project("{FAE04EC0-301F-11D3-BF4B-00C04F79EFBC}") = "TextTypingDelayExample", "TextTypingDelayExample\TextTypingDelayExample.csproj", "{98569E8E-62E5-4681-A9E9-08B20251BBAE}"
EndProject
Global
	GlobalSection(SolutionConfigurationPlatforms) = preSolution
		Debug|Any CPU = Debug|Any CPU
		Release|Any CPU = Release|Any CPU
	EndGlobalSection
	GlobalSection(ProjectConfigurationPlatforms) = postSolution
		{98569E8E-62E5-4681-A9E9-08B20251BBAE}.Debug|Any CPU.ActiveCfg = Debug|Any CPU
		{98569E8E-62E5-4681-A9E9-08B20251BBAE}.Debug|Any CPU.Build.0 = Debug|Any CPU
		{98569E8E-62E5-4681-A9E9-08B20251BBAE}.Release|Any CPU.ActiveCfg = Release|Any CPU
		{98569E8E-62E5-4681-A9E9-08B20251BBAE}.Release|Any CPU.Build.0 = Release|Any CPU
	EndGlobalSection
	GlobalSection(SolutionProperties) = preSolution
		HideSolutionNode = FALSE
	EndGlobalSection
	GlobalSection(ExtensibilityGlobals) = postSolution
		SolutionGuid = {CCE6D7A3-3068-4E5E-83DC-743D6E6CC5BC}
	EndGlobalSection
EndGlobal
