
Microsoft Visual Studio Solution File, Format Version 12.00
# Visual Studio Version 16
VisualStudioVersion = 16.0.32228.343
MinimumVisualStudioVersion = 10.0.40219.1
Project("{FAE04EC0-301F-11D3-BF4B-00C04F79EFBC}") = "AreaCalculator_FridayTask", "AreaCalculator_FridayTask\AreaCalculator_FridayTask.csproj", "{002C61C3-CF35-4BC5-8907-0AD5129959D0}"
EndProject
Global
	GlobalSection(SolutionConfigurationPlatforms) = preSolution
		Debug|Any CPU = Debug|Any CPU
		Release|Any CPU = Release|Any CPU
	EndGlobalSection
	GlobalSection(ProjectConfigurationPlatforms) = postSolution
		{002C61C3-CF35-4BC5-8907-0AD5129959D0}.Debug|Any CPU.ActiveCfg = Debug|Any CPU
		{002C61C3-CF35-4BC5-8907-0AD5129959D0}.Debug|Any CPU.Build.0 = Debug|Any CPU
		{002C61C3-CF35-4BC5-8907-0AD5129959D0}.Release|Any CPU.ActiveCfg = Release|Any CPU
		{002C61C3-CF35-4BC5-8907-0AD5129959D0}.Release|Any CPU.Build.0 = Release|Any CPU
	EndGlobalSection
	GlobalSection(SolutionProperties) = preSolution
		HideSolutionNode = FALSE
	EndGlobalSection
	GlobalSection(ExtensibilityGlobals) = postSolution
		SolutionGuid = {1B3E680A-C11D-4589-B34E-86CDE49C85C5}
	EndGlobalSection
EndGlobal
